
Microsoft Visual Studio Solution File, Format Version 12.00
# Visual Studio 15
VisualStudioVersion = 15.0.28307.1000
MinimumVisualStudioVersion = 10.0.40219.1
Project("{9A19103F-16F7-4668-BE54-9A1E7A4F7556}") = "InBuMenModels", "InBuMenModels\InBuMenModels.csproj", "{B73F57B9-B5C0-492D-A50C-E33012069598}"
EndProject
Project("{9A19103F-16F7-4668-BE54-9A1E7A4F7556}") = "InBuMenCrossCutting", "InBuMenCrossCutting\InBuMenCrossCutting.csproj", "{2758C75A-5BFC-4711-9D32-747CC2A7948C}"
EndProject
Project("{FAE04EC0-301F-11D3-BF4B-00C04F79EFBC}") = "InBuMenWebApi", "InBuMenWebApi\InBuMenWebApi.csproj", "{2BB61D58-12AE-4CDE-B82E-24776659E3BE}"
EndProject
Project("{FAE04EC0-301F-11D3-BF4B-00C04F79EFBC}") = "InternationalBusinessMen.Test", "InternationalBusinessMen.Test\InternationalBusinessMen.Test.csproj", "{736D04D5-9676-4892-8B2B-62723D2F76BA}"
EndProject
Global
	GlobalSection(SolutionConfigurationPlatforms) = preSolution
		Debug|Any CPU = Debug|Any CPU
		Release|Any CPU = Release|Any CPU
	EndGlobalSection
	GlobalSection(ProjectConfigurationPlatforms) = postSolution
		{B73F57B9-B5C0-492D-A50C-E33012069598}.Debug|Any CPU.ActiveCfg = Debug|Any CPU
		{B73F57B9-B5C0-492D-A50C-E33012069598}.Debug|Any CPU.Build.0 = Debug|Any CPU
		{B73F57B9-B5C0-492D-A50C-E33012069598}.Release|Any CPU.ActiveCfg = Release|Any CPU
		{B73F57B9-B5C0-492D-A50C-E33012069598}.Release|Any CPU.Build.0 = Release|Any CPU
		{2758C75A-5BFC-4711-9D32-747CC2A7948C}.Debug|Any CPU.ActiveCfg = Debug|Any CPU
		{2758C75A-5BFC-4711-9D32-747CC2A7948C}.Debug|Any CPU.Build.0 = Debug|Any CPU
		{2758C75A-5BFC-4711-9D32-747CC2A7948C}.Release|Any CPU.ActiveCfg = Release|Any CPU
		{2758C75A-5BFC-4711-9D32-747CC2A7948C}.Release|Any CPU.Build.0 = Release|Any CPU
		{2BB61D58-12AE-4CDE-B82E-24776659E3BE}.Debug|Any CPU.ActiveCfg = Debug|Any CPU
		{2BB61D58-12AE-4CDE-B82E-24776659E3BE}.Debug|Any CPU.Build.0 = Debug|Any CPU
		{2BB61D58-12AE-4CDE-B82E-24776659E3BE}.Release|Any CPU.ActiveCfg = Release|Any CPU
		{2BB61D58-12AE-4CDE-B82E-24776659E3BE}.Release|Any CPU.Build.0 = Release|Any CPU
		{736D04D5-9676-4892-8B2B-62723D2F76BA}.Debug|Any CPU.ActiveCfg = Debug|Any CPU
		{736D04D5-9676-4892-8B2B-62723D2F76BA}.Debug|Any CPU.Build.0 = Debug|Any CPU
		{736D04D5-9676-4892-8B2B-62723D2F76BA}.Release|Any CPU.ActiveCfg = Release|Any CPU
		{736D04D5-9676-4892-8B2B-62723D2F76BA}.Release|Any CPU.Build.0 = Release|Any CPU
	EndGlobalSection
	GlobalSection(SolutionProperties) = preSolution
		HideSolutionNode = FALSE
	EndGlobalSection
	GlobalSection(ExtensibilityGlobals) = postSolution
		SolutionGuid = {E5F2DE6B-DEA3-479F-9BE7-616DD3B41FCB}
	EndGlobalSection
EndGlobal
